{
  "originHash" : "28d342031029e6325c7de91a8a53cabdb74d594d8bf5626ce818943c1848d71a",
  "pins" : [
    {
      "identity" : "capacitor-swift-pm",
      "kind" : "remoteSourceControl",
      "location" : "https://github.com/ionic-team/capacitor-swift-pm.git",
      "state" : {
        "revision" : "4f71d0b979f2f957326f04353eca7604ee937e1e",
        "version" : "8.5.0"
      }
    },
    {
      "identity" : "ion-ios-camera",
      "kind" : "remoteSourceControl",
      "location" : "https://github.com/ionic-team/ion-ios-camera.git",
      "state" : {
        "revision" : "2cd4f06b0ece21b6458e23357280c51f94bfceb8",
        "version" : "1.0.4"
      }
    }
  ],
  "version" : 3
}
